
Microsoft Visual Studio Solution File, Format Version 12.00
Project("{2150E333-8FDC-42A3-9474-1A3956D46DE8}") = "src", "src", "{B6CF474A-4F02-4285-AAEB-9D26D63F9156}"
	ProjectSection(SolutionItems) = preProject
		src\.gitignore = src\.gitignore
	EndProjectSection
EndProject
Project("{2150E333-8FDC-42A3-9474-1A3956D46DE8}") = "core", "core", "{805DDEBC-9C2A-435F-AD45-923D34B66CA8}"
EndProject
Project("{2150E333-8FDC-42A3-9474-1A3956D46DE8}") = "project", "project", "{145F7ACA-696B-43E4-9588-EC6213FA6AB2}"
EndProject
Project("{FAE04EC0-301F-11D3-BF4B-00C04F79EFBC}") = "Core.Application", "src\core\Core.Application\Core.Application.csproj", "{572A1773-9371-4481-BC1D-ED909D984505}"
EndProject
Project("{FAE04EC0-301F-11D3-BF4B-00C04F79EFBC}") = "Core.CrossCuttingConcerns", "src\core\Core.CrossCuttingConcerns\Core.CrossCuttingConcerns.csproj", "{C58AEF46-93BD-47A5-A9F0-F7B257C8C6AD}"
EndProject
Project("{FAE04EC0-301F-11D3-BF4B-00C04F79EFBC}") = "Core.Persistence", "src\core\Core.Persistence\Core.Persistence.csproj", "{D0654D10-DC0A-49B3-BD8C-BB3476AC3566}"
EndProject
Project("{FAE04EC0-301F-11D3-BF4B-00C04F79EFBC}") = "SRP.Application", "src\project\SRP.Application\SRP.Application.csproj", "{42AC6C3C-1A70-422C-91DE-2CFE69901259}"
EndProject
Project("{FAE04EC0-301F-11D3-BF4B-00C04F79EFBC}") = "SRP.Persistence", "src\project\SRP.Persistence\SRP.Persistence.csproj", "{F9411C99-2885-4E4F-B4EA-D27307111D4B}"
EndProject
Project("{FAE04EC0-301F-11D3-BF4B-00C04F79EFBC}") = "SRP.Presentation", "src\project\SRP.Presentation\SRP.Presentation.csproj", "{2FD67A92-4185-460C-AD97-DCAA64BDF821}"
EndProject
Project("{FAE04EC0-301F-11D3-BF4B-00C04F79EFBC}") = "SRP.Domain", "src\project\SRP.Domain\SRP.Domain.csproj", "{31A5E66E-09EC-4135-9765-45C80BBC3DFC}"
EndProject
Project("{FAE04EC0-301F-11D3-BF4B-00C04F79EFBC}") = "SRP.WebUI", "src\project\SRP.WebUI\SRP.WebUI.csproj", "{3207CB0C-536E-4459-AAEB-F94A52AB1C67}"
EndProject
Global
	GlobalSection(SolutionConfigurationPlatforms) = preSolution
		Debug|Any CPU = Debug|Any CPU
		Release|Any CPU = Release|Any CPU
	EndGlobalSection
	GlobalSection(NestedProjects) = preSolution
		{805DDEBC-9C2A-435F-AD45-923D34B66CA8} = {B6CF474A-4F02-4285-AAEB-9D26D63F9156}
		{145F7ACA-696B-43E4-9588-EC6213FA6AB2} = {B6CF474A-4F02-4285-AAEB-9D26D63F9156}
		{572A1773-9371-4481-BC1D-ED909D984505} = {805DDEBC-9C2A-435F-AD45-923D34B66CA8}
		{C58AEF46-93BD-47A5-A9F0-F7B257C8C6AD} = {805DDEBC-9C2A-435F-AD45-923D34B66CA8}
		{D0654D10-DC0A-49B3-BD8C-BB3476AC3566} = {805DDEBC-9C2A-435F-AD45-923D34B66CA8}
		{42AC6C3C-1A70-422C-91DE-2CFE69901259} = {145F7ACA-696B-43E4-9588-EC6213FA6AB2}
		{F9411C99-2885-4E4F-B4EA-D27307111D4B} = {145F7ACA-696B-43E4-9588-EC6213FA6AB2}
		{2FD67A92-4185-460C-AD97-DCAA64BDF821} = {145F7ACA-696B-43E4-9588-EC6213FA6AB2}
		{31A5E66E-09EC-4135-9765-45C80BBC3DFC} = {145F7ACA-696B-43E4-9588-EC6213FA6AB2}
		{3207CB0C-536E-4459-AAEB-F94A52AB1C67} = {145F7ACA-696B-43E4-9588-EC6213FA6AB2}
	EndGlobalSection
	GlobalSection(ProjectConfigurationPlatforms) = postSolution
		{572A1773-9371-4481-BC1D-ED909D984505}.Debug|Any CPU.ActiveCfg = Debug|Any CPU
		{572A1773-9371-4481-BC1D-ED909D984505}.Debug|Any CPU.Build.0 = Debug|Any CPU
		{572A1773-9371-4481-BC1D-ED909D984505}.Release|Any CPU.ActiveCfg = Release|Any CPU
		{572A1773-9371-4481-BC1D-ED909D984505}.Release|Any CPU.Build.0 = Release|Any CPU
		{C58AEF46-93BD-47A5-A9F0-F7B257C8C6AD}.Debug|Any CPU.ActiveCfg = Debug|Any CPU
		{C58AEF46-93BD-47A5-A9F0-F7B257C8C6AD}.Debug|Any CPU.Build.0 = Debug|Any CPU
		{C58AEF46-93BD-47A5-A9F0-F7B257C8C6AD}.Release|Any CPU.ActiveCfg = Release|Any CPU
		{C58AEF46-93BD-47A5-A9F0-F7B257C8C6AD}.Release|Any CPU.Build.0 = Release|Any CPU
		{D0654D10-DC0A-49B3-BD8C-BB3476AC3566}.Debug|Any CPU.ActiveCfg = Debug|Any CPU
		{D0654D10-DC0A-49B3-BD8C-BB3476AC3566}.Debug|Any CPU.Build.0 = Debug|Any CPU
		{D0654D10-DC0A-49B3-BD8C-BB3476AC3566}.Release|Any CPU.ActiveCfg = Release|Any CPU
		{D0654D10-DC0A-49B3-BD8C-BB3476AC3566}.Release|Any CPU.Build.0 = Release|Any CPU
		{42AC6C3C-1A70-422C-91DE-2CFE69901259}.Debug|Any CPU.ActiveCfg = Debug|Any CPU
		{42AC6C3C-1A70-422C-91DE-2CFE69901259}.Debug|Any CPU.Build.0 = Debug|Any CPU
		{42AC6C3C-1A70-422C-91DE-2CFE69901259}.Release|Any CPU.ActiveCfg = Release|Any CPU
		{42AC6C3C-1A70-422C-91DE-2CFE69901259}.Release|Any CPU.Build.0 = Release|Any CPU
		{F9411C99-2885-4E4F-B4EA-D27307111D4B}.Debug|Any CPU.ActiveCfg = Debug|Any CPU
		{F9411C99-2885-4E4F-B4EA-D27307111D4B}.Debug|Any CPU.Build.0 = Debug|Any CPU
		{F9411C99-2885-4E4F-B4EA-D27307111D4B}.Release|Any CPU.ActiveCfg = Release|Any CPU
		{F9411C99-2885-4E4F-B4EA-D27307111D4B}.Release|Any CPU.Build.0 = Release|Any CPU
		{2FD67A92-4185-460C-AD97-DCAA64BDF821}.Debug|Any CPU.ActiveCfg = Debug|Any CPU
		{2FD67A92-4185-460C-AD97-DCAA64BDF821}.Debug|Any CPU.Build.0 = Debug|Any CPU
		{2FD67A92-4185-460C-AD97-DCAA64BDF821}.Release|Any CPU.ActiveCfg = Release|Any CPU
		{2FD67A92-4185-460C-AD97-DCAA64BDF821}.Release|Any CPU.Build.0 = Release|Any CPU
		{31A5E66E-09EC-4135-9765-45C80BBC3DFC}.Debug|Any CPU.ActiveCfg = Debug|Any CPU
		{31A5E66E-09EC-4135-9765-45C80BBC3DFC}.Debug|Any CPU.Build.0 = Debug|Any CPU
		{31A5E66E-09EC-4135-9765-45C80BBC3DFC}.Release|Any CPU.ActiveCfg = Release|Any CPU
		{31A5E66E-09EC-4135-9765-45C80BBC3DFC}.Release|Any CPU.Build.0 = Release|Any CPU
		{3207CB0C-536E-4459-AAEB-F94A52AB1C67}.Debug|Any CPU.ActiveCfg = Debug|Any CPU
		{3207CB0C-536E-4459-AAEB-F94A52AB1C67}.Debug|Any CPU.Build.0 = Debug|Any CPU
		{3207CB0C-536E-4459-AAEB-F94A52AB1C67}.Release|Any CPU.ActiveCfg = Release|Any CPU
		{3207CB0C-536E-4459-AAEB-F94A52AB1C67}.Release|Any CPU.Build.0 = Release|Any CPU
	EndGlobalSection
EndGlobal
